Microsoft Visual Studio Solution File, Format Version 12.00
# Visual Studio 15
VisualStudioVersion = 15.0.27130.2010
MinimumVisualStudioVersion = 10.0.40219.1
Project("{2150E333-8FDC-42A3-9474-1A3956D46DE8}") = "Samples", "Samples", "{16B8382B-9150-4A09-9D36-ABB3C1E4B685}"
EndProject
Project("{2150E333-8FDC-42A3-9474-1A3956D46DE8}") = "Plugin", "Plugin", "{0BDD6CE3-76BD-4F4F-9079-E06C333FC695}"
EndProject
Project("{FAE04EC0-301F-11D3-BF4B-00C04F79EFBC}") = "EntryCustomReturn.Forms.Plugin.Abstractions", "EntryCustomReturn.Forms.Plugin.Abstractions\EntryCustomReturn.Forms.Plugin.Abstractions.csproj", "{67F9D3A8-F71E-4428-913F-C37AE82CDB24}"
EndProject
Project("{FAE04EC0-301F-11D3-BF4B-00C04F79EFBC}") = "EntryCustomReturn.Forms.Plugin.Android", "EntryCustomReturn.Forms.Plugin.Android\EntryCustomReturn.Forms.Plugin.Android.csproj", "{1477793F-94BF-450F-A1F6-059B29DB18BE}"
EndProject
Project("{FAE04EC0-301F-11D3-BF4B-00C04F79EFBC}") = "EntryCustomReturn.Forms.Plugin.iOS", "EntryCustomReturn.Forms.Plugin.iOSUnified\EntryCustomReturn.Forms.Plugin.iOS.csproj", "{085E453B-C898-4D35-BA27-61EF81A6BAB4}"
EndProject
Project("{FAE04EC0-301F-11D3-BF4B-00C04F79EFBC}") = "EntryCustomReturn.Forms.Plugin.UWP", "EntryCustomReturn.Forms.Plugin.UWP\EntryCustomReturn.Forms.Plugin.UWP.csproj", "{BCE20E6A-9AF6-47EA-BDD8-F372EA19D201}"
EndProject
Project("{2150E333-8FDC-42A3-9474-1A3956D46DE8}") = "Tests", "Tests", "{4046AB25-A589-4E5D-8670-ACD2A7E58588}"
EndProject
Project("{FAE04EC0-301F-11D3-BF4B-00C04F79EFBC}") = "EntryCustomReturnSampleApp", "EntryCustomReturnSampleApp\EntryCustomReturnSampleApp.csproj", "{4668C385-45C4-495D-803C-FFDAE866FD60}"
EndProject
Project("{FAE04EC0-301F-11D3-BF4B-00C04F79EFBC}") = "EntryCustomReturnSampleApp.Droid", "EntryCustomReturnSampleApp.Droid\EntryCustomReturnSampleApp.Droid.csproj", "{D44D8A4B-E5AF-4629-AC50-98966AB42D11}"
EndProject
Project("{FAE04EC0-301F-11D3-BF4B-00C04F79EFBC}") = "EntryCustomReturnSampleApp.iOS", "EntryCustomReturnSampleApp.iOS\EntryCustomReturnSampleApp.iOS.csproj", "{A76C73CF-FC6F-4AF9-B702-1EA82CDE36F3}"
EndProject
Project("{D954291E-2A0B-460D-934E-DC6B0785DB48}") = "EntryCustomReturnSampleApp.Shared", "EntryCustomReturnSampleApp.Shared\EntryCustomReturnSampleApp.Shared.shproj", "{0F0C2C76-EC87-4832-80CB-CD8C6889BBE8}"
EndProject
Project("{FAE04EC0-301F-11D3-BF4B-00C04F79EFBC}") = "EntryCustomReturnSampleApp.UWP", "EntryCustomReturnSampleApp.UWP\EntryCustomReturnSampleApp.UWP.csproj", "{28A950A5-2CC8-467E-9C5F-F70D4E10F8CD}"
EndProject
Project("{FAE04EC0-301F-11D3-BF4B-00C04F79EFBC}") = "EntryCustomReturnSampleApp.UITests", "EntryCustomReturnSampleApp.UITests\EntryCustomReturnSampleApp.UITests.csproj", "{9DB24B67-9058-4352-8414-47074CECB66B}"
EndProject
Project("{2150E333-8FDC-42A3-9474-1A3956D46DE8}") = "SimpleSample", "SimpleSample", "{FB1E45D3-3DB3-44F3-AFAD-5465B7314ABD}"
EndProject
Project("{2150E333-8FDC-42A3-9474-1A3956D46DE8}") = "MVVMSample", "MVVMSample", "{D22CB153-D701-44D4-9639-E93A18222BC0}"
EndProject
Project("{FAE04EC0-301F-11D3-BF4B-00C04F79EFBC}") = "SimpleSample", "SimpleSample\SimpleSample.csproj", "{49C40333-2758-4E0E-948F-A62B8C6642D1}"
EndProject
Project("{FAE04EC0-301F-11D3-BF4B-00C04F79EFBC}") = "SimpleSample.Droid", "SimpleSample.Droid\SimpleSample.Droid.csproj", "{54F40CFF-83C5-47BA-915C-25442BFFBB72}"
EndProject
Project("{FAE04EC0-301F-11D3-BF4B-00C04F79EFBC}") = "SimpleSample.iOS", "SimpleSample.iOS\SimpleSample.iOS.csproj", "{33683B02-E1A3-4A93-ABBF-41819ED8FA01}"
EndProject
Project("{FAE04EC0-301F-11D3-BF4B-00C04F79EFBC}") = "SimpleSample.UITests", "SimpleSample.UITests\SimpleSample.UITests.csproj", "{69E6033D-686A-4CEF-8E04-C282FF3524DA}"
EndProject
Project("{D954291E-2A0B-460D-934E-DC6B0785DB48}") = "Tests.Shared", "Tests.Shared\Tests.Shared.shproj", "{815C70F6-075C-46A4-BBC5-5E49EB7348FF}"
EndProject
Project("{D954291E-2A0B-460D-934E-DC6B0785DB48}") = "SimpleSample.Shared", "SimpleSample.Shared\SimpleSample.Shared.shproj", "{431EFC7D-ACDC-48A7-BA5A-873A64273639}"
EndProject
Global
	GlobalSection(SharedMSBuildProjectFiles) = preSolution
		EntryCustomReturnSampleApp.Shared\EntryCustomReturnSampleApp.Shared.projitems*{085e453b-c898-4d35-ba27-61ef81a6bab4}*SharedItemsImports = 4
		EntryCustomReturnSampleApp.Shared\EntryCustomReturnSampleApp.Shared.projitems*{0f0c2c76-ec87-4832-80cb-cd8c6889bbe8}*SharedItemsImports = 13
		EntryCustomReturnSampleApp.Shared\EntryCustomReturnSampleApp.Shared.projitems*{1477793f-94bf-450f-a1f6-059b29db18be}*SharedItemsImports = 4
		SimpleSample.Shared\SimpleSample.Shared.projitems*{431efc7d-acdc-48a7-ba5a-873a64273639}*SharedItemsImports = 13
		EntryCustomReturnSampleApp.Shared\EntryCustomReturnSampleApp.Shared.projitems*{4668c385-45c4-495d-803c-ffdae866fd60}*SharedItemsImports = 4
		SimpleSample.Shared\SimpleSample.Shared.projitems*{49c40333-2758-4e0e-948f-a62b8c6642d1}*SharedItemsImports = 4
		SimpleSample.Shared\SimpleSample.Shared.projitems*{69e6033d-686a-4cef-8e04-c282ff3524da}*SharedItemsImports = 4
		Tests.Shared\Tests.Shared.projitems*{69e6033d-686a-4cef-8e04-c282ff3524da}*SharedItemsImports = 4
		Tests.Shared\Tests.Shared.projitems*{815c70f6-075c-46a4-bbc5-5e49eb7348ff}*SharedItemsImports = 13
		EntryCustomReturnSampleApp.Shared\EntryCustomReturnSampleApp.Shared.projitems*{9db24b67-9058-4352-8414-47074cecb66b}*SharedItemsImports = 4
		Tests.Shared\Tests.Shared.projitems*{9db24b67-9058-4352-8414-47074cecb66b}*SharedItemsImports = 4
	EndGlobalSection
	GlobalSection(SolutionConfigurationPlatforms) = preSolution
		Debug|Any CPU = Debug|Any CPU
		Debug|iPhone = Debug|iPhone
		Debug|iPhoneSimulator = Debug|iPhoneSimulator
		Release|Any CPU = Release|Any CPU
		Release|iPhone = Release|iPhone
		Release|iPhoneSimulator = Release|iPhoneSimulator
	EndGlobalSection
	GlobalSection(ProjectConfigurationPlatforms) = postSolution
		{67F9D3A8-F71E-4428-913F-C37AE82CDB24}.Debug|Any CPU.ActiveCfg = Debug|Any CPU
		{67F9D3A8-F71E-4428-913F-C37AE82CDB24}.Debug|Any CPU.Build.0 = Debug|Any CPU
		{67F9D3A8-F71E-4428-913F-C37AE82CDB24}.Debug|iPhone.ActiveCfg = Debug|Any CPU
		{67F9D3A8-F71E-4428-913F-C37AE82CDB24}.Debug|iPhone.Build.0 = Debug|Any CPU
		{67F9D3A8-F71E-4428-913F-C37AE82CDB24}.Debug|iPhoneSimulator.ActiveCfg = Debug|Any CPU
		{67F9D3A8-F71E-4428-913F-C37AE82CDB24}.Debug|iPhoneSimulator.Build.0 = Debug|Any CPU
		{67F9D3A8-F71E-4428-913F-C37AE82CDB24}.Release|Any CPU.ActiveCfg = Release|Any CPU
		{67F9D3A8-F71E-4428-913F-C37AE82CDB24}.Release|Any CPU.Build.0 = Release|Any CPU
		{67F9D3A8-F71E-4428-913F-C37AE82CDB24}.Release|iPhone.ActiveCfg = Release|Any CPU
		{67F9D3A8-F71E-4428-913F-C37AE82CDB24}.Release|iPhone.Build.0 = Release|Any CPU
		{67F9D3A8-F71E-4428-913F-C37AE82CDB24}.Release|iPhoneSimulator.ActiveCfg = Release|Any CPU
		{67F9D3A8-F71E-4428-913F-C37AE82CDB24}.Release|iPhoneSimulator.Build.0 = Release|Any CPU
		{1477793F-94BF-450F-A1F6-059B29DB18BE}.Debug|Any CPU.ActiveCfg = Debug|Any CPU
		{1477793F-94BF-450F-A1F6-059B29DB18BE}.Debug|Any CPU.Build.0 = Debug|Any CPU
		{1477793F-94BF-450F-A1F6-059B29DB18BE}.Debug|iPhone.ActiveCfg = Debug|Any CPU
		{1477793F-94BF-450F-A1F6-059B29DB18BE}.Debug|iPhone.Build.0 = Debug|Any CPU
		{1477793F-94BF-450F-A1F6-059B29DB18BE}.Debug|iPhoneSimulator.ActiveCfg = Debug|Any CPU
		{1477793F-94BF-450F-A1F6-059B29DB18BE}.Debug|iPhoneSimulator.Build.0 = Debug|Any CPU
		{1477793F-94BF-450F-A1F6-059B29DB18BE}.Release|Any CPU.ActiveCfg = Release|Any CPU
		{1477793F-94BF-450F-A1F6-059B29DB18BE}.Release|Any CPU.Build.0 = Release|Any CPU
		{1477793F-94BF-450F-A1F6-059B29DB18BE}.Release|iPhone.ActiveCfg = Release|Any CPU
		{1477793F-94BF-450F-A1F6-059B29DB18BE}.Release|iPhone.Build.0 = Release|Any CPU
		{1477793F-94BF-450F-A1F6-059B29DB18BE}.Release|iPhoneSimulator.ActiveCfg = Release|Any CPU
		{1477793F-94BF-450F-A1F6-059B29DB18BE}.Release|iPhoneSimulator.Build.0 = Release|Any CPU
		{085E453B-C898-4D35-BA27-61EF81A6BAB4}.Debug|Any CPU.ActiveCfg = Debug|Any CPU
		{085E453B-C898-4D35-BA27-61EF81A6BAB4}.Debug|Any CPU.Build.0 = Debug|Any CPU
		{085E453B-C898-4D35-BA27-61EF81A6BAB4}.Debug|iPhone.ActiveCfg = Debug|Any CPU
		{085E453B-C898-4D35-BA27-61EF81A6BAB4}.Debug|iPhone.Build.0 = Debug|Any CPU
		{085E453B-C898-4D35-BA27-61EF81A6BAB4}.Debug|iPhoneSimulator.ActiveCfg = Debug|Any CPU
		{085E453B-C898-4D35-BA27-61EF81A6BAB4}.Debug|iPhoneSimulator.Build.0 = Debug|Any CPU
		{085E453B-C898-4D35-BA27-61EF81A6BAB4}.Release|Any CPU.ActiveCfg = Release|Any CPU
		{085E453B-C898-4D35-BA27-61EF81A6BAB4}.Release|Any CPU.Build.0 = Release|Any CPU
		{085E453B-C898-4D35-BA27-61EF81A6BAB4}.Release|iPhone.ActiveCfg = Release|Any CPU
		{085E453B-C898-4D35-BA27-61EF81A6BAB4}.Release|iPhone.Build.0 = Release|Any CPU
		{085E453B-C898-4D35-BA27-61EF81A6BAB4}.Release|iPhoneSimulator.ActiveCfg = Release|Any CPU
		{085E453B-C898-4D35-BA27-61EF81A6BAB4}.Release|iPhoneSimulator.Build.0 = Release|Any CPU
		{BCE20E6A-9AF6-47EA-BDD8-F372EA19D201}.Debug|Any CPU.ActiveCfg = Debug|Any CPU
		{BCE20E6A-9AF6-47EA-BDD8-F372EA19D201}.Debug|Any CPU.Build.0 = Debug|Any CPU
		{BCE20E6A-9AF6-47EA-BDD8-F372EA19D201}.Debug|iPhone.ActiveCfg = Debug|Any CPU
		{BCE20E6A-9AF6-47EA-BDD8-F372EA19D201}.Debug|iPhoneSimulator.ActiveCfg = Debug|Any CPU
		{BCE20E6A-9AF6-47EA-BDD8-F372EA19D201}.Debug|iPhoneSimulator.Build.0 = Debug|Any CPU
		{BCE20E6A-9AF6-47EA-BDD8-F372EA19D201}.Release|Any CPU.ActiveCfg = Release|Any CPU
		{BCE20E6A-9AF6-47EA-BDD8-F372EA19D201}.Release|Any CPU.Build.0 = Release|Any CPU
		{BCE20E6A-9AF6-47EA-BDD8-F372EA19D201}.Release|iPhone.ActiveCfg = Release|Any CPU
		{BCE20E6A-9AF6-47EA-BDD8-F372EA19D201}.Release|iPhone.Build.0 = Release|Any CPU
		{BCE20E6A-9AF6-47EA-BDD8-F372EA19D201}.Release|iPhoneSimulator.ActiveCfg = Release|Any CPU
		{BCE20E6A-9AF6-47EA-BDD8-F372EA19D201}.Release|iPhoneSimulator.Build.0 = Release|Any CPU
		{4668C385-45C4-495D-803C-FFDAE866FD60}.Debug|Any CPU.ActiveCfg = Debug|Any CPU
		{4668C385-45C4-495D-803C-FFDAE866FD60}.Debug|Any CPU.Build.0 = Debug|Any CPU
		{4668C385-45C4-495D-803C-FFDAE866FD60}.Debug|iPhone.ActiveCfg = Debug|Any CPU
		{4668C385-45C4-495D-803C-FFDAE866FD60}.Debug|iPhone.Build.0 = Debug|Any CPU
		{4668C385-45C4-495D-803C-FFDAE866FD60}.Debug|iPhoneSimulator.ActiveCfg = Debug|Any CPU
		{4668C385-45C4-495D-803C-FFDAE866FD60}.Debug|iPhoneSimulator.Build.0 = Debug|Any CPU
		{4668C385-45C4-495D-803C-FFDAE866FD60}.Release|Any CPU.ActiveCfg = Release|Any CPU
		{4668C385-45C4-495D-803C-FFDAE866FD60}.Release|Any CPU.Build.0 = Release|Any CPU
		{4668C385-45C4-495D-803C-FFDAE866FD60}.Release|iPhone.ActiveCfg = Release|Any CPU
		{4668C385-45C4-495D-803C-FFDAE866FD60}.Release|iPhone.Build.0 = Release|Any CPU
		{4668C385-45C4-495D-803C-FFDAE866FD60}.Release|iPhoneSimulator.ActiveCfg = Release|Any CPU
		{4668C385-45C4-495D-803C-FFDAE866FD60}.Release|iPhoneSimulator.Build.0 = Release|Any CPU
		{D44D8A4B-E5AF-4629-AC50-98966AB42D11}.Debug|Any CPU.ActiveCfg = Debug|Any CPU
		{D44D8A4B-E5AF-4629-AC50-98966AB42D11}.Debug|Any CPU.Build.0 = Debug|Any CPU
		{D44D8A4B-E5AF-4629-AC50-98966AB42D11}.Debug|Any CPU.Deploy.0 = Debug|Any CPU
		{D44D8A4B-E5AF-4629-AC50-98966AB42D11}.Debug|iPhone.ActiveCfg = Debug|Any CPU
		{D44D8A4B-E5AF-4629-AC50-98966AB42D11}.Debug|iPhone.Build.0 = Debug|Any CPU
		{D44D8A4B-E5AF-4629-AC50-98966AB42D11}.Debug|iPhoneSimulator.ActiveCfg = Debug|Any CPU
		{D44D8A4B-E5AF-4629-AC50-98966AB42D11}.Debug|iPhoneSimulator.Build.0 = Debug|Any CPU
		{D44D8A4B-E5AF-4629-AC50-98966AB42D11}.Release|Any CPU.ActiveCfg = Release|Any CPU
		{D44D8A4B-E5AF-4629-AC50-98966AB42D11}.Release|Any CPU.Build.0 = Release|Any CPU
		{D44D8A4B-E5AF-4629-AC50-98966AB42D11}.Release|iPhone.ActiveCfg = Release|Any CPU
		{D44D8A4B-E5AF-4629-AC50-98966AB42D11}.Release|iPhone.Build.0 = Release|Any CPU
		{D44D8A4B-E5AF-4629-AC50-98966AB42D11}.Release|iPhoneSimulator.ActiveCfg = Release|Any CPU
		{D44D8A4B-E5AF-4629-AC50-98966AB42D11}.Release|iPhoneSimulator.Build.0 = Release|Any CPU
		{A76C73CF-FC6F-4AF9-B702-1EA82CDE36F3}.Debug|Any CPU.ActiveCfg = Debug|iPhoneSimulator
		{A76C73CF-FC6F-4AF9-B702-1EA82CDE36F3}.Debug|Any CPU.Build.0 = Debug|iPhoneSimulator
		{A76C73CF-FC6F-4AF9-B702-1EA82CDE36F3}.Debug|iPhone.ActiveCfg = Debug|iPhone
		{A76C73CF-FC6F-4AF9-B702-1EA82CDE36F3}.Debug|iPhone.Build.0 = Debug|iPhone
		{A76C73CF-FC6F-4AF9-B702-1EA82CDE36F3}.Debug|iPhoneSimulator.ActiveCfg = Debug|iPhoneSimulator
		{A76C73CF-FC6F-4AF9-B702-1EA82CDE36F3}.Debug|iPhoneSimulator.Build.0 = Debug|iPhoneSimulator
		{A76C73CF-FC6F-4AF9-B702-1EA82CDE36F3}.Release|Any CPU.ActiveCfg = Release|iPhone
		{A76C73CF-FC6F-4AF9-B702-1EA82CDE36F3}.Release|Any CPU.Build.0 = Release|iPhone
		{A76C73CF-FC6F-4AF9-B702-1EA82CDE36F3}.Release|iPhone.ActiveCfg = Release|iPhone
		{A76C73CF-FC6F-4AF9-B702-1EA82CDE36F3}.Release|iPhone.Build.0 = Release|iPhone
		{A76C73CF-FC6F-4AF9-B702-1EA82CDE36F3}.Release|iPhoneSimulator.ActiveCfg = Release|iPhoneSimulator
		{A76C73CF-FC6F-4AF9-B702-1EA82CDE36F3}.Release|iPhoneSimulator.Build.0 = Release|iPhoneSimulator
		{28A950A5-2CC8-467E-9C5F-F70D4E10F8CD}.Debug|Any CPU.ActiveCfg = Debug|x86
		{28A950A5-2CC8-467E-9C5F-F70D4E10F8CD}.Debug|Any CPU.Build.0 = Debug|x86
		{28A950A5-2CC8-467E-9C5F-F70D4E10F8CD}.Debug|Any CPU.Deploy.0 = Debug|x86
		{28A950A5-2CC8-467E-9C5F-F70D4E10F8CD}.Debug|iPhone.ActiveCfg = Debug|x86
		{28A950A5-2CC8-467E-9C5F-F70D4E10F8CD}.Debug|iPhoneSimulator.ActiveCfg = Debug|x86
		{28A950A5-2CC8-467E-9C5F-F70D4E10F8CD}.Debug|iPhoneSimulator.Build.0 = Debug|x86
		{28A950A5-2CC8-467E-9C5F-F70D4E10F8CD}.Release|Any CPU.ActiveCfg = Release|x86
		{28A950A5-2CC8-467E-9C5F-F70D4E10F8CD}.Release|Any CPU.Build.0 = Release|x86
		{28A950A5-2CC8-467E-9C5F-F70D4E10F8CD}.Release|Any CPU.Deploy.0 = Release|x86
		{28A950A5-2CC8-467E-9C5F-F70D4E10F8CD}.Release|iPhone.ActiveCfg = Release|x86
		{28A950A5-2CC8-467E-9C5F-F70D4E10F8CD}.Release|iPhone.Build.0 = Release|x86
		{28A950A5-2CC8-467E-9C5F-F70D4E10F8CD}.Release|iPhoneSimulator.ActiveCfg = Release|x86
		{28A950A5-2CC8-467E-9C5F-F70D4E10F8CD}.Release|iPhoneSimulator.Build.0 = Release|x86
		{9DB24B67-9058-4352-8414-47074CECB66B}.Debug|Any CPU.ActiveCfg = Debug|Any CPU
		{9DB24B67-9058-4352-8414-47074CECB66B}.Debug|Any CPU.Build.0 = Debug|Any CPU
		{9DB24B67-9058-4352-8414-47074CECB66B}.Debug|iPhone.ActiveCfg = Debug|Any CPU
		{9DB24B67-9058-4352-8414-47074CECB66B}.Debug|iPhone.Build.0 = Debug|Any CPU
		{9DB24B67-9058-4352-8414-47074CECB66B}.Debug|iPhoneSimulator.ActiveCfg = Debug|Any CPU
		{9DB24B67-9058-4352-8414-47074CECB66B}.Debug|iPhoneSimulator.Build.0 = Debug|Any CPU
		{9DB24B67-9058-4352-8414-47074CECB66B}.Release|Any CPU.ActiveCfg = Release|Any CPU
		{9DB24B67-9058-4352-8414-47074CECB66B}.Release|Any CPU.Build.0 = Release|Any CPU
		{9DB24B67-9058-4352-8414-47074CECB66B}.Release|iPhone.ActiveCfg = Release|Any CPU
		{9DB24B67-9058-4352-8414-47074CECB66B}.Release|iPhone.Build.0 = Release|Any CPU
		{9DB24B67-9058-4352-8414-47074CECB66B}.Release|iPhoneSimulator.ActiveCfg = Release|Any CPU
		{9DB24B67-9058-4352-8414-47074CECB66B}.Release|iPhoneSimulator.Build.0 = Release|Any CPU
		{49C40333-2758-4E0E-948F-A62B8C6642D1}.Debug|Any CPU.ActiveCfg = Debug|Any CPU
		{49C40333-2758-4E0E-948F-A62B8C6642D1}.Debug|Any CPU.Build.0 = Debug|Any CPU
		{49C40333-2758-4E0E-948F-A62B8C6642D1}.Debug|iPhone.ActiveCfg = Debug|Any CPU
		{49C40333-2758-4E0E-948F-A62B8C6642D1}.Debug|iPhone.Build.0 = Debug|Any CPU
		{49C40333-2758-4E0E-948F-A62B8C6642D1}.Debug|iPhoneSimulator.ActiveCfg = Debug|Any CPU
		{49C40333-2758-4E0E-948F-A62B8C6642D1}.Debug|iPhoneSimulator.Build.0 = Debug|Any CPU
		{49C40333-2758-4E0E-948F-A62B8C6642D1}.Release|Any CPU.ActiveCfg = Release|Any CPU
		{49C40333-2758-4E0E-948F-A62B8C6642D1}.Release|Any CPU.Build.0 = Release|Any CPU
		{49C40333-2758-4E0E-948F-A62B8C6642D1}.Release|iPhone.ActiveCfg = Release|Any CPU
		{49C40333-2758-4E0E-948F-A62B8C6642D1}.Release|iPhone.Build.0 = Release|Any CPU
		{49C40333-2758-4E0E-948F-A62B8C6642D1}.Release|iPhoneSimulator.ActiveCfg = Release|Any CPU
		{49C40333-2758-4E0E-948F-A62B8C6642D1}.Release|iPhoneSimulator.Build.0 = Release|Any CPU
		{54F40CFF-83C5-47BA-915C-25442BFFBB72}.Debug|Any CPU.ActiveCfg = Debug|Any CPU
		{54F40CFF-83C5-47BA-915C-25442BFFBB72}.Debug|Any CPU.Build.0 = Debug|Any CPU
		{54F40CFF-83C5-47BA-915C-25442BFFBB72}.Debug|iPhone.ActiveCfg = Debug|Any CPU
		{54F40CFF-83C5-47BA-915C-25442BFFBB72}.Debug|iPhone.Build.0 = Debug|Any CPU
		{54F40CFF-83C5-47BA-915C-25442BFFBB72}.Debug|iPhoneSimulator.ActiveCfg = Debug|Any CPU
		{54F40CFF-83C5-47BA-915C-25442BFFBB72}.Debug|iPhoneSimulator.Build.0 = Debug|Any CPU
		{54F40CFF-83C5-47BA-915C-25442BFFBB72}.Release|Any CPU.ActiveCfg = Release|Any CPU
		{54F40CFF-83C5-47BA-915C-25442BFFBB72}.Release|Any CPU.Build.0 = Release|Any CPU
		{54F40CFF-83C5-47BA-915C-25442BFFBB72}.Release|iPhone.ActiveCfg = Release|Any CPU
		{54F40CFF-83C5-47BA-915C-25442BFFBB72}.Release|iPhone.Build.0 = Release|Any CPU
		{54F40CFF-83C5-47BA-915C-25442BFFBB72}.Release|iPhoneSimulator.ActiveCfg = Release|Any CPU
		{54F40CFF-83C5-47BA-915C-25442BFFBB72}.Release|iPhoneSimulator.Build.0 = Release|Any CPU
		{33683B02-E1A3-4A93-ABBF-41819ED8FA01}.Debug|Any CPU.ActiveCfg = Debug|iPhoneSimulator
		{33683B02-E1A3-4A93-ABBF-41819ED8FA01}.Debug|Any CPU.Build.0 = Debug|iPhoneSimulator
		{33683B02-E1A3-4A93-ABBF-41819ED8FA01}.Debug|iPhone.ActiveCfg = Debug|iPhone
		{33683B02-E1A3-4A93-ABBF-41819ED8FA01}.Debug|iPhone.Build.0 = Debug|iPhone
		{33683B02-E1A3-4A93-ABBF-41819ED8FA01}.Debug|iPhoneSimulator.ActiveCfg = Debug|iPhoneSimulator
		{33683B02-E1A3-4A93-ABBF-41819ED8FA01}.Debug|iPhoneSimulator.Build.0 = Debug|iPhoneSimulator
		{33683B02-E1A3-4A93-ABBF-41819ED8FA01}.Release|Any CPU.ActiveCfg = Release|iPhone
		{33683B02-E1A3-4A93-ABBF-41819ED8FA01}.Release|Any CPU.Build.0 = Release|iPhone
		{33683B02-E1A3-4A93-ABBF-41819ED8FA01}.Release|iPhone.ActiveCfg = Release|iPhone
		{33683B02-E1A3-4A93-ABBF-41819ED8FA01}.Release|iPhone.Build.0 = Release|iPhone
		{33683B02-E1A3-4A93-ABBF-41819ED8FA01}.Release|iPhoneSimulator.ActiveCfg = Release|iPhoneSimulator
		{33683B02-E1A3-4A93-ABBF-41819ED8FA01}.Release|iPhoneSimulator.Build.0 = Release|iPhoneSimulator
		{69E6033D-686A-4CEF-8E04-C282FF3524DA}.Debug|Any CPU.ActiveCfg = Debug|Any CPU
		{69E6033D-686A-4CEF-8E04-C282FF3524DA}.Debug|Any CPU.Build.0 = Debug|Any CPU
		{69E6033D-686A-4CEF-8E04-C282FF3524DA}.Debug|iPhone.ActiveCfg = Debug|Any CPU
		{69E6033D-686A-4CEF-8E04-C282FF3524DA}.Debug|iPhone.Build.0 = Debug|Any CPU
		{69E6033D-686A-4CEF-8E04-C282FF3524DA}.Debug|iPhoneSimulator.ActiveCfg = Debug|Any CPU
		{69E6033D-686A-4CEF-8E04-C282FF3524DA}.Debug|iPhoneSimulator.Build.0 = Debug|Any CPU
		{69E6033D-686A-4CEF-8E04-C282FF3524DA}.Release|Any CPU.ActiveCfg = Release|Any CPU
		{69E6033D-686A-4CEF-8E04-C282FF3524DA}.Release|Any CPU.Build.0 = Release|Any CPU
		{69E6033D-686A-4CEF-8E04-C282FF3524DA}.Release|iPhone.ActiveCfg = Release|Any CPU
		{69E6033D-686A-4CEF-8E04-C282FF3524DA}.Release|iPhone.Build.0 = Release|Any CPU
		{69E6033D-686A-4CEF-8E04-C282FF3524DA}.Release|iPhoneSimulator.ActiveCfg = Release|Any CPU
		{69E6033D-686A-4CEF-8E04-C282FF3524DA}.Release|iPhoneSimulator.Build.0 = Release|Any CPU
	EndGlobalSection
	GlobalSection(SolutionProperties) = preSolution
		HideSolutionNode = FALSE
	EndGlobalSection
	GlobalSection(NestedProjects) = preSolution
		{67F9D3A8-F71E-4428-913F-C37AE82CDB24} = {0BDD6CE3-76BD-4F4F-9079-E06C333FC695}
		{1477793F-94BF-450F-A1F6-059B29DB18BE} = {0BDD6CE3-76BD-4F4F-9079-E06C333FC695}
		{085E453B-C898-4D35-BA27-61EF81A6BAB4} = {0BDD6CE3-76BD-4F4F-9079-E06C333FC695}
		{BCE20E6A-9AF6-47EA-BDD8-F372EA19D201} = {0BDD6CE3-76BD-4F4F-9079-E06C333FC695}
		{4046AB25-A589-4E5D-8670-ACD2A7E58588} = {16B8382B-9150-4A09-9D36-ABB3C1E4B685}
		{4668C385-45C4-495D-803C-FFDAE866FD60} = {D22CB153-D701-44D4-9639-E93A18222BC0}
		{D44D8A4B-E5AF-4629-AC50-98966AB42D11} = {D22CB153-D701-44D4-9639-E93A18222BC0}
		{A76C73CF-FC6F-4AF9-B702-1EA82CDE36F3} = {D22CB153-D701-44D4-9639-E93A18222BC0}
		{0F0C2C76-EC87-4832-80CB-CD8C6889BBE8} = {D22CB153-D701-44D4-9639-E93A18222BC0}
		{28A950A5-2CC8-467E-9C5F-F70D4E10F8CD} = {D22CB153-D701-44D4-9639-E93A18222BC0}
		{9DB24B67-9058-4352-8414-47074CECB66B} = {4046AB25-A589-4E5D-8670-ACD2A7E58588}
		{FB1E45D3-3DB3-44F3-AFAD-5465B7314ABD} = {16B8382B-9150-4A09-9D36-ABB3C1E4B685}
		{D22CB153-D701-44D4-9639-E93A18222BC0} = {16B8382B-9150-4A09-9D36-ABB3C1E4B685}
		{49C40333-2758-4E0E-948F-A62B8C6642D1} = {FB1E45D3-3DB3-44F3-AFAD-5465B7314ABD}
		{54F40CFF-83C5-47BA-915C-25442BFFBB72} = {FB1E45D3-3DB3-44F3-AFAD-5465B7314ABD}
		{33683B02-E1A3-4A93-ABBF-41819ED8FA01} = {FB1E45D3-3DB3-44F3-AFAD-5465B7314ABD}
		{69E6033D-686A-4CEF-8E04-C282FF3524DA} = {4046AB25-A589-4E5D-8670-ACD2A7E58588}
		{815C70F6-075C-46A4-BBC5-5E49EB7348FF} = {4046AB25-A589-4E5D-8670-ACD2A7E58588}
		{431EFC7D-ACDC-48A7-BA5A-873A64273639} = {FB1E45D3-3DB3-44F3-AFAD-5465B7314ABD}
	EndGlobalSection
	GlobalSection(ExtensibilityGlobals) = postSolution
		SolutionGuid = {6EF81DE4-F62E-4AC9-B4A5-3AC57CB3D589}
	EndGlobalSection
EndGlobal
