
Microsoft Visual Studio Solution File, Format Version 12.00
# Visual Studio 2012
Project("{FAE04EC0-301F-11D3-BF4B-00C04F79EFBC}") = "EntryCustomReturnUITests", "EntryCustomReturnTests\EntryCustomReturnUITests.csproj", "{9DB24B67-9058-4352-8414-47074CECB66B}"
EndProject
Project("{2150E333-8FDC-42A3-9474-1A3956D46DE8}") = "EntryCustomReturnSampleApp", "EntryCustomReturnSampleApp", "{D55F2BE9-894B-446F-97BC-EC44E5B469D8}"
EndProject
Project("{FAE04EC0-301F-11D3-BF4B-00C04F79EFBC}") = "EntryCustomReturnSampleApp", "..\Samples\EntryCustomReturnSampleApp\EntryCustomReturnSampleApp.csproj", "{4668C385-45C4-495D-803C-FFDAE866FD60}"
EndProject
Project("{FAE04EC0-301F-11D3-BF4B-00C04F79EFBC}") = "EntryCustomReturnSampleApp.Droid", "..\Samples\Droid\EntryCustomReturnSampleApp.Droid.csproj", "{D44D8A4B-E5AF-4629-AC50-98966AB42D11}"
EndProject
Project("{FAE04EC0-301F-11D3-BF4B-00C04F79EFBC}") = "EntryCustomReturnSampleApp.iOS", "..\Samples\iOS\EntryCustomReturnSampleApp.iOS.csproj", "{A76C73CF-FC6F-4AF9-B702-1EA82CDE36F3}"
EndProject
Project("{2150E333-8FDC-42A3-9474-1A3956D46DE8}") = "EntryCustomReturnSource", "EntryCustomReturnSource", "{DAC57802-FC6A-4C29-8B04-B98941BCAC1B}"
EndProject
Project("{FAE04EC0-301F-11D3-BF4B-00C04F79EFBC}") = "EntryCustomReturn.Forms.Plugin.Abstractions", "..\Src\EntryCustomReturn.Forms.Plugin.Abstractions\EntryCustomReturn.Forms.Plugin.Abstractions.csproj", "{67F9D3A8-F71E-4428-913F-C37AE82CDB24}"
EndProject
Project("{FAE04EC0-301F-11D3-BF4B-00C04F79EFBC}") = "EntryCustomReturn.Forms.Plugin.Android", "..\Src\EntryCustomReturn.Forms.Plugin.Android\EntryCustomReturn.Forms.Plugin.Android.csproj", "{1477793F-94BF-450F-A1F6-059B29DB18BE}"
EndProject
Project("{FAE04EC0-301F-11D3-BF4B-00C04F79EFBC}") = "EntryCustomReturn.Forms.Plugin.iOS", "..\Src\EntryCustomReturn.Forms.Plugin.iOSUnified\EntryCustomReturn.Forms.Plugin.iOS.csproj", "{085E453B-C898-4D35-BA27-61EF81A6BAB4}"
EndProject
Project("{2150E333-8FDC-42A3-9474-1A3956D46DE8}") = "EntryCustomReturnTests", "EntryCustomReturnTests", "{F93D279C-2105-415E-A6EC-110CF6F33BAC}"
EndProject
Project("{D954291E-2A0B-460D-934E-DC6B0785DB48}") = "EntryCustomReturnSampleApp.Shared", "..\Samples\EntryCustomReturnSampleApp.Shared\EntryCustomReturnSampleApp.Shared.shproj", "{0F0C2C76-EC87-4832-80CB-CD8C6889BBE8}"
EndProject
Global
	GlobalSection(SolutionConfigurationPlatforms) = preSolution
		Debug|Any CPU = Debug|Any CPU
		Release|Any CPU = Release|Any CPU
		Debug|iPhoneSimulator = Debug|iPhoneSimulator
		Release|iPhone = Release|iPhone
		Release|iPhoneSimulator = Release|iPhoneSimulator
		Debug|iPhone = Debug|iPhone
	EndGlobalSection
	GlobalSection(ProjectConfigurationPlatforms) = postSolution
		{9DB24B67-9058-4352-8414-47074CECB66B}.Debug|Any CPU.ActiveCfg = Debug|Any CPU
		{9DB24B67-9058-4352-8414-47074CECB66B}.Debug|Any CPU.Build.0 = Debug|Any CPU
		{9DB24B67-9058-4352-8414-47074CECB66B}.Release|Any CPU.ActiveCfg = Release|Any CPU
		{9DB24B67-9058-4352-8414-47074CECB66B}.Release|Any CPU.Build.0 = Release|Any CPU
		{9DB24B67-9058-4352-8414-47074CECB66B}.Debug|iPhoneSimulator.ActiveCfg = Debug|Any CPU
		{9DB24B67-9058-4352-8414-47074CECB66B}.Debug|iPhoneSimulator.Build.0 = Debug|Any CPU
		{9DB24B67-9058-4352-8414-47074CECB66B}.Release|iPhone.ActiveCfg = Release|Any CPU
		{9DB24B67-9058-4352-8414-47074CECB66B}.Release|iPhone.Build.0 = Release|Any CPU
		{9DB24B67-9058-4352-8414-47074CECB66B}.Release|iPhoneSimulator.ActiveCfg = Release|Any CPU
		{9DB24B67-9058-4352-8414-47074CECB66B}.Release|iPhoneSimulator.Build.0 = Release|Any CPU
		{9DB24B67-9058-4352-8414-47074CECB66B}.Debug|iPhone.ActiveCfg = Debug|Any CPU
		{9DB24B67-9058-4352-8414-47074CECB66B}.Debug|iPhone.Build.0 = Debug|Any CPU
		{4668C385-45C4-495D-803C-FFDAE866FD60}.Debug|Any CPU.ActiveCfg = Debug|Any CPU
		{4668C385-45C4-495D-803C-FFDAE866FD60}.Debug|Any CPU.Build.0 = Debug|Any CPU
		{4668C385-45C4-495D-803C-FFDAE866FD60}.Release|Any CPU.ActiveCfg = Release|Any CPU
		{4668C385-45C4-495D-803C-FFDAE866FD60}.Release|Any CPU.Build.0 = Release|Any CPU
		{4668C385-45C4-495D-803C-FFDAE866FD60}.Debug|iPhoneSimulator.ActiveCfg = Debug|Any CPU
		{4668C385-45C4-495D-803C-FFDAE866FD60}.Debug|iPhoneSimulator.Build.0 = Debug|Any CPU
		{4668C385-45C4-495D-803C-FFDAE866FD60}.Release|iPhone.ActiveCfg = Release|Any CPU
		{4668C385-45C4-495D-803C-FFDAE866FD60}.Release|iPhone.Build.0 = Release|Any CPU
		{4668C385-45C4-495D-803C-FFDAE866FD60}.Release|iPhoneSimulator.ActiveCfg = Release|Any CPU
		{4668C385-45C4-495D-803C-FFDAE866FD60}.Release|iPhoneSimulator.Build.0 = Release|Any CPU
		{4668C385-45C4-495D-803C-FFDAE866FD60}.Debug|iPhone.ActiveCfg = Debug|Any CPU
		{4668C385-45C4-495D-803C-FFDAE866FD60}.Debug|iPhone.Build.0 = Debug|Any CPU
		{D44D8A4B-E5AF-4629-AC50-98966AB42D11}.Debug|Any CPU.ActiveCfg = Debug|Any CPU
		{D44D8A4B-E5AF-4629-AC50-98966AB42D11}.Debug|Any CPU.Build.0 = Debug|Any CPU
		{D44D8A4B-E5AF-4629-AC50-98966AB42D11}.Release|Any CPU.ActiveCfg = Release|Any CPU
		{D44D8A4B-E5AF-4629-AC50-98966AB42D11}.Release|Any CPU.Build.0 = Release|Any CPU
		{D44D8A4B-E5AF-4629-AC50-98966AB42D11}.Debug|iPhoneSimulator.ActiveCfg = Debug|Any CPU
		{D44D8A4B-E5AF-4629-AC50-98966AB42D11}.Debug|iPhoneSimulator.Build.0 = Debug|Any CPU
		{D44D8A4B-E5AF-4629-AC50-98966AB42D11}.Release|iPhone.ActiveCfg = Release|Any CPU
		{D44D8A4B-E5AF-4629-AC50-98966AB42D11}.Release|iPhone.Build.0 = Release|Any CPU
		{D44D8A4B-E5AF-4629-AC50-98966AB42D11}.Release|iPhoneSimulator.ActiveCfg = Release|Any CPU
		{D44D8A4B-E5AF-4629-AC50-98966AB42D11}.Release|iPhoneSimulator.Build.0 = Release|Any CPU
		{D44D8A4B-E5AF-4629-AC50-98966AB42D11}.Debug|iPhone.ActiveCfg = Debug|Any CPU
		{D44D8A4B-E5AF-4629-AC50-98966AB42D11}.Debug|iPhone.Build.0 = Debug|Any CPU
		{A76C73CF-FC6F-4AF9-B702-1EA82CDE36F3}.Debug|Any CPU.ActiveCfg = Debug|iPhoneSimulator
		{A76C73CF-FC6F-4AF9-B702-1EA82CDE36F3}.Debug|Any CPU.Build.0 = Debug|iPhoneSimulator
		{A76C73CF-FC6F-4AF9-B702-1EA82CDE36F3}.Release|Any CPU.ActiveCfg = Release|iPhone
		{A76C73CF-FC6F-4AF9-B702-1EA82CDE36F3}.Release|Any CPU.Build.0 = Release|iPhone
		{A76C73CF-FC6F-4AF9-B702-1EA82CDE36F3}.Debug|iPhoneSimulator.ActiveCfg = Debug|iPhoneSimulator
		{A76C73CF-FC6F-4AF9-B702-1EA82CDE36F3}.Debug|iPhoneSimulator.Build.0 = Debug|iPhoneSimulator
		{A76C73CF-FC6F-4AF9-B702-1EA82CDE36F3}.Release|iPhone.ActiveCfg = Release|iPhone
		{A76C73CF-FC6F-4AF9-B702-1EA82CDE36F3}.Release|iPhone.Build.0 = Release|iPhone
		{A76C73CF-FC6F-4AF9-B702-1EA82CDE36F3}.Release|iPhoneSimulator.ActiveCfg = Release|iPhoneSimulator
		{A76C73CF-FC6F-4AF9-B702-1EA82CDE36F3}.Release|iPhoneSimulator.Build.0 = Release|iPhoneSimulator
		{A76C73CF-FC6F-4AF9-B702-1EA82CDE36F3}.Debug|iPhone.ActiveCfg = Debug|iPhone
		{A76C73CF-FC6F-4AF9-B702-1EA82CDE36F3}.Debug|iPhone.Build.0 = Debug|iPhone
		{67F9D3A8-F71E-4428-913F-C37AE82CDB24}.Debug|Any CPU.ActiveCfg = Debug|Any CPU
		{67F9D3A8-F71E-4428-913F-C37AE82CDB24}.Debug|Any CPU.Build.0 = Debug|Any CPU
		{67F9D3A8-F71E-4428-913F-C37AE82CDB24}.Release|Any CPU.ActiveCfg = Release|Any CPU
		{67F9D3A8-F71E-4428-913F-C37AE82CDB24}.Release|Any CPU.Build.0 = Release|Any CPU
		{67F9D3A8-F71E-4428-913F-C37AE82CDB24}.Debug|iPhoneSimulator.ActiveCfg = Debug|Any CPU
		{67F9D3A8-F71E-4428-913F-C37AE82CDB24}.Debug|iPhoneSimulator.Build.0 = Debug|Any CPU
		{67F9D3A8-F71E-4428-913F-C37AE82CDB24}.Release|iPhone.ActiveCfg = Release|Any CPU
		{67F9D3A8-F71E-4428-913F-C37AE82CDB24}.Release|iPhone.Build.0 = Release|Any CPU
		{67F9D3A8-F71E-4428-913F-C37AE82CDB24}.Release|iPhoneSimulator.ActiveCfg = Release|Any CPU
		{67F9D3A8-F71E-4428-913F-C37AE82CDB24}.Release|iPhoneSimulator.Build.0 = Release|Any CPU
		{67F9D3A8-F71E-4428-913F-C37AE82CDB24}.Debug|iPhone.ActiveCfg = Debug|Any CPU
		{67F9D3A8-F71E-4428-913F-C37AE82CDB24}.Debug|iPhone.Build.0 = Debug|Any CPU
		{1477793F-94BF-450F-A1F6-059B29DB18BE}.Debug|Any CPU.ActiveCfg = Debug|Any CPU
		{1477793F-94BF-450F-A1F6-059B29DB18BE}.Debug|Any CPU.Build.0 = Debug|Any CPU
		{1477793F-94BF-450F-A1F6-059B29DB18BE}.Release|Any CPU.ActiveCfg = Release|Any CPU
		{1477793F-94BF-450F-A1F6-059B29DB18BE}.Release|Any CPU.Build.0 = Release|Any CPU
		{1477793F-94BF-450F-A1F6-059B29DB18BE}.Debug|iPhoneSimulator.ActiveCfg = Debug|Any CPU
		{1477793F-94BF-450F-A1F6-059B29DB18BE}.Debug|iPhoneSimulator.Build.0 = Debug|Any CPU
		{1477793F-94BF-450F-A1F6-059B29DB18BE}.Release|iPhone.ActiveCfg = Release|Any CPU
		{1477793F-94BF-450F-A1F6-059B29DB18BE}.Release|iPhone.Build.0 = Release|Any CPU
		{1477793F-94BF-450F-A1F6-059B29DB18BE}.Release|iPhoneSimulator.ActiveCfg = Release|Any CPU
		{1477793F-94BF-450F-A1F6-059B29DB18BE}.Release|iPhoneSimulator.Build.0 = Release|Any CPU
		{1477793F-94BF-450F-A1F6-059B29DB18BE}.Debug|iPhone.ActiveCfg = Debug|Any CPU
		{1477793F-94BF-450F-A1F6-059B29DB18BE}.Debug|iPhone.Build.0 = Debug|Any CPU
		{085E453B-C898-4D35-BA27-61EF81A6BAB4}.Debug|Any CPU.ActiveCfg = Debug|Any CPU
		{085E453B-C898-4D35-BA27-61EF81A6BAB4}.Debug|Any CPU.Build.0 = Debug|Any CPU
		{085E453B-C898-4D35-BA27-61EF81A6BAB4}.Release|Any CPU.ActiveCfg = Release|Any CPU
		{085E453B-C898-4D35-BA27-61EF81A6BAB4}.Release|Any CPU.Build.0 = Release|Any CPU
		{085E453B-C898-4D35-BA27-61EF81A6BAB4}.Debug|iPhoneSimulator.ActiveCfg = Debug|Any CPU
		{085E453B-C898-4D35-BA27-61EF81A6BAB4}.Debug|iPhoneSimulator.Build.0 = Debug|Any CPU
		{085E453B-C898-4D35-BA27-61EF81A6BAB4}.Release|iPhone.ActiveCfg = Release|Any CPU
		{085E453B-C898-4D35-BA27-61EF81A6BAB4}.Release|iPhone.Build.0 = Release|Any CPU
		{085E453B-C898-4D35-BA27-61EF81A6BAB4}.Release|iPhoneSimulator.ActiveCfg = Release|Any CPU
		{085E453B-C898-4D35-BA27-61EF81A6BAB4}.Release|iPhoneSimulator.Build.0 = Release|Any CPU
		{085E453B-C898-4D35-BA27-61EF81A6BAB4}.Debug|iPhone.ActiveCfg = Debug|Any CPU
		{085E453B-C898-4D35-BA27-61EF81A6BAB4}.Debug|iPhone.Build.0 = Debug|Any CPU
	EndGlobalSection
	GlobalSection(NestedProjects) = preSolution
		{4668C385-45C4-495D-803C-FFDAE866FD60} = {D55F2BE9-894B-446F-97BC-EC44E5B469D8}
		{D44D8A4B-E5AF-4629-AC50-98966AB42D11} = {D55F2BE9-894B-446F-97BC-EC44E5B469D8}
		{A76C73CF-FC6F-4AF9-B702-1EA82CDE36F3} = {D55F2BE9-894B-446F-97BC-EC44E5B469D8}
		{67F9D3A8-F71E-4428-913F-C37AE82CDB24} = {DAC57802-FC6A-4C29-8B04-B98941BCAC1B}
		{1477793F-94BF-450F-A1F6-059B29DB18BE} = {DAC57802-FC6A-4C29-8B04-B98941BCAC1B}
		{085E453B-C898-4D35-BA27-61EF81A6BAB4} = {DAC57802-FC6A-4C29-8B04-B98941BCAC1B}
		{9DB24B67-9058-4352-8414-47074CECB66B} = {F93D279C-2105-415E-A6EC-110CF6F33BAC}
		{0F0C2C76-EC87-4832-80CB-CD8C6889BBE8} = {D55F2BE9-894B-446F-97BC-EC44E5B469D8}
	EndGlobalSection
EndGlobal
