Microsoft Visual Studio Solution File, Format Version 12.00
# Visual Studio 15
VisualStudioVersion = 15.0.26228.4
MinimumVisualStudioVersion = 10.0.40219.1
Project("{FAE04EC0-301F-11D3-BF4B-00C04F79EFBC}") = "EntryCustomReturnSampleApp", "EntryCustomReturnSampleApp\EntryCustomReturnSampleApp.csproj", "{4668C385-45C4-495D-803C-FFDAE866FD60}"
EndProject
Project("{FAE04EC0-301F-11D3-BF4B-00C04F79EFBC}") = "EntryCustomReturnSampleApp.iOS", "iOS\EntryCustomReturnSampleApp.iOS.csproj", "{A76C73CF-FC6F-4AF9-B702-1EA82CDE36F3}"
EndProject
Project("{FAE04EC0-301F-11D3-BF4B-00C04F79EFBC}") = "EntryCustomReturnSampleApp.Droid", "Droid\EntryCustomReturnSampleApp.Droid.csproj", "{D44D8A4B-E5AF-4629-AC50-98966AB42D11}"
EndProject
Project("{D954291E-2A0B-460D-934E-DC6B0785DB48}") = "EntryCustomReturnSampleApp.Shared", "EntryCustomReturnSampleApp.Shared\EntryCustomReturnSampleApp.Shared.shproj", "{0F0C2C76-EC87-4832-80CB-CD8C6889BBE8}"
EndProject
Project("{2150E333-8FDC-42A3-9474-1A3956D46DE8}") = "EntryCustomReturnSource", "EntryCustomReturnSource", "{C4269010-A03D-4876-AE83-0DB646EBA420}"
EndProject
Project("{FAE04EC0-301F-11D3-BF4B-00C04F79EFBC}") = "EntryCustomReturn.Forms.Plugin.Abstractions", "..\Src\EntryCustomReturn.Forms.Plugin.Abstractions\EntryCustomReturn.Forms.Plugin.Abstractions.csproj", "{67F9D3A8-F71E-4428-913F-C37AE82CDB24}"
EndProject
Project("{FAE04EC0-301F-11D3-BF4B-00C04F79EFBC}") = "EntryCustomReturn.Forms.Plugin.Android", "..\Src\EntryCustomReturn.Forms.Plugin.Android\EntryCustomReturn.Forms.Plugin.Android.csproj", "{1477793F-94BF-450F-A1F6-059B29DB18BE}"
EndProject
Project("{FAE04EC0-301F-11D3-BF4B-00C04F79EFBC}") = "EntryCustomReturn.Forms.Plugin.iOS", "..\Src\EntryCustomReturn.Forms.Plugin.iOSUnified\EntryCustomReturn.Forms.Plugin.iOS.csproj", "{085E453B-C898-4D35-BA27-61EF81A6BAB4}"
EndProject
Project("{FAE04EC0-301F-11D3-BF4B-00C04F79EFBC}") = "EntryCustomReturn.Forms.Plugin.UWP", "..\Src\EntryCustomReturn.Forms.Plugin.UWP\EntryCustomReturn.Forms.Plugin.UWP.csproj", "{BCE20E6A-9AF6-47EA-BDD8-F372EA19D201}"
EndProject
Project("{FAE04EC0-301F-11D3-BF4B-00C04F79EFBC}") = "EntryCustomReturnSampleApp.UWP", "UWP\EntryCustomReturnSampleApp.UWP.csproj", "{28A950A5-2CC8-467E-9C5F-F70D4E10F8CD}"
EndProject
Global
	GlobalSection(SharedMSBuildProjectFiles) = preSolution
		EntryCustomReturnSampleApp.Shared\EntryCustomReturnSampleApp.Shared.projitems*{0f0c2c76-ec87-4832-80cb-cd8c6889bbe8}*SharedItemsImports = 13
		EntryCustomReturnSampleApp.Shared\EntryCustomReturnSampleApp.Shared.projitems*{4668c385-45c4-495d-803c-ffdae866fd60}*SharedItemsImports = 4
	EndGlobalSection
	GlobalSection(SolutionConfigurationPlatforms) = preSolution
		Debug|Any CPU = Debug|Any CPU
		Debug|ARM = Debug|ARM
		Debug|iPhone = Debug|iPhone
		Debug|iPhoneSimulator = Debug|iPhoneSimulator
		Debug|x64 = Debug|x64
		Debug|x86 = Debug|x86
		Release|Any CPU = Release|Any CPU
		Release|ARM = Release|ARM
		Release|iPhone = Release|iPhone
		Release|iPhoneSimulator = Release|iPhoneSimulator
		Release|x64 = Release|x64
		Release|x86 = Release|x86
	EndGlobalSection
	GlobalSection(ProjectConfigurationPlatforms) = postSolution
		{4668C385-45C4-495D-803C-FFDAE866FD60}.Debug|Any CPU.ActiveCfg = Debug|Any CPU
		{4668C385-45C4-495D-803C-FFDAE866FD60}.Debug|Any CPU.Build.0 = Debug|Any CPU
		{4668C385-45C4-495D-803C-FFDAE866FD60}.Debug|ARM.ActiveCfg = Debug|Any CPU
		{4668C385-45C4-495D-803C-FFDAE866FD60}.Debug|ARM.Build.0 = Debug|Any CPU
		{4668C385-45C4-495D-803C-FFDAE866FD60}.Debug|iPhone.ActiveCfg = Debug|Any CPU
		{4668C385-45C4-495D-803C-FFDAE866FD60}.Debug|iPhone.Build.0 = Debug|Any CPU
		{4668C385-45C4-495D-803C-FFDAE866FD60}.Debug|iPhoneSimulator.ActiveCfg = Debug|Any CPU
		{4668C385-45C4-495D-803C-FFDAE866FD60}.Debug|iPhoneSimulator.Build.0 = Debug|Any CPU
		{4668C385-45C4-495D-803C-FFDAE866FD60}.Debug|x64.ActiveCfg = Debug|Any CPU
		{4668C385-45C4-495D-803C-FFDAE866FD60}.Debug|x64.Build.0 = Debug|Any CPU
		{4668C385-45C4-495D-803C-FFDAE866FD60}.Debug|x86.ActiveCfg = Debug|Any CPU
		{4668C385-45C4-495D-803C-FFDAE866FD60}.Debug|x86.Build.0 = Debug|Any CPU
		{4668C385-45C4-495D-803C-FFDAE866FD60}.Release|Any CPU.ActiveCfg = Release|Any CPU
		{4668C385-45C4-495D-803C-FFDAE866FD60}.Release|Any CPU.Build.0 = Release|Any CPU
		{4668C385-45C4-495D-803C-FFDAE866FD60}.Release|ARM.ActiveCfg = Release|Any CPU
		{4668C385-45C4-495D-803C-FFDAE866FD60}.Release|ARM.Build.0 = Release|Any CPU
		{4668C385-45C4-495D-803C-FFDAE866FD60}.Release|iPhone.ActiveCfg = Release|Any CPU
		{4668C385-45C4-495D-803C-FFDAE866FD60}.Release|iPhone.Build.0 = Release|Any CPU
		{4668C385-45C4-495D-803C-FFDAE866FD60}.Release|iPhoneSimulator.ActiveCfg = Release|Any CPU
		{4668C385-45C4-495D-803C-FFDAE866FD60}.Release|iPhoneSimulator.Build.0 = Release|Any CPU
		{4668C385-45C4-495D-803C-FFDAE866FD60}.Release|x64.ActiveCfg = Release|Any CPU
		{4668C385-45C4-495D-803C-FFDAE866FD60}.Release|x64.Build.0 = Release|Any CPU
		{4668C385-45C4-495D-803C-FFDAE866FD60}.Release|x86.ActiveCfg = Release|Any CPU
		{4668C385-45C4-495D-803C-FFDAE866FD60}.Release|x86.Build.0 = Release|Any CPU
		{A76C73CF-FC6F-4AF9-B702-1EA82CDE36F3}.Debug|Any CPU.ActiveCfg = Debug|iPhoneSimulator
		{A76C73CF-FC6F-4AF9-B702-1EA82CDE36F3}.Debug|Any CPU.Build.0 = Debug|iPhoneSimulator
		{A76C73CF-FC6F-4AF9-B702-1EA82CDE36F3}.Debug|ARM.ActiveCfg = Debug|iPhone
		{A76C73CF-FC6F-4AF9-B702-1EA82CDE36F3}.Debug|iPhone.ActiveCfg = Debug|iPhone
		{A76C73CF-FC6F-4AF9-B702-1EA82CDE36F3}.Debug|iPhone.Build.0 = Debug|iPhone
		{A76C73CF-FC6F-4AF9-B702-1EA82CDE36F3}.Debug|iPhoneSimulator.ActiveCfg = Debug|iPhoneSimulator
		{A76C73CF-FC6F-4AF9-B702-1EA82CDE36F3}.Debug|iPhoneSimulator.Build.0 = Debug|iPhoneSimulator
		{A76C73CF-FC6F-4AF9-B702-1EA82CDE36F3}.Debug|x64.ActiveCfg = Debug|iPhone
		{A76C73CF-FC6F-4AF9-B702-1EA82CDE36F3}.Debug|x86.ActiveCfg = Debug|iPhone
		{A76C73CF-FC6F-4AF9-B702-1EA82CDE36F3}.Release|Any CPU.ActiveCfg = Release|iPhone
		{A76C73CF-FC6F-4AF9-B702-1EA82CDE36F3}.Release|Any CPU.Build.0 = Release|iPhone
		{A76C73CF-FC6F-4AF9-B702-1EA82CDE36F3}.Release|ARM.ActiveCfg = Release|iPhoneSimulator
		{A76C73CF-FC6F-4AF9-B702-1EA82CDE36F3}.Release|iPhone.ActiveCfg = Release|iPhone
		{A76C73CF-FC6F-4AF9-B702-1EA82CDE36F3}.Release|iPhone.Build.0 = Release|iPhone
		{A76C73CF-FC6F-4AF9-B702-1EA82CDE36F3}.Release|iPhoneSimulator.ActiveCfg = Release|iPhoneSimulator
		{A76C73CF-FC6F-4AF9-B702-1EA82CDE36F3}.Release|iPhoneSimulator.Build.0 = Release|iPhoneSimulator
		{A76C73CF-FC6F-4AF9-B702-1EA82CDE36F3}.Release|x64.ActiveCfg = Release|iPhoneSimulator
		{A76C73CF-FC6F-4AF9-B702-1EA82CDE36F3}.Release|x86.ActiveCfg = Release|iPhoneSimulator
		{D44D8A4B-E5AF-4629-AC50-98966AB42D11}.Debug|Any CPU.ActiveCfg = Debug|Any CPU
		{D44D8A4B-E5AF-4629-AC50-98966AB42D11}.Debug|Any CPU.Build.0 = Debug|Any CPU
		{D44D8A4B-E5AF-4629-AC50-98966AB42D11}.Debug|Any CPU.Deploy.0 = Debug|Any CPU
		{D44D8A4B-E5AF-4629-AC50-98966AB42D11}.Debug|ARM.ActiveCfg = Debug|Any CPU
		{D44D8A4B-E5AF-4629-AC50-98966AB42D11}.Debug|ARM.Build.0 = Debug|Any CPU
		{D44D8A4B-E5AF-4629-AC50-98966AB42D11}.Debug|ARM.Deploy.0 = Debug|Any CPU
		{D44D8A4B-E5AF-4629-AC50-98966AB42D11}.Debug|iPhone.ActiveCfg = Debug|Any CPU
		{D44D8A4B-E5AF-4629-AC50-98966AB42D11}.Debug|iPhone.Build.0 = Debug|Any CPU
		{D44D8A4B-E5AF-4629-AC50-98966AB42D11}.Debug|iPhoneSimulator.ActiveCfg = Debug|Any CPU
		{D44D8A4B-E5AF-4629-AC50-98966AB42D11}.Debug|iPhoneSimulator.Build.0 = Debug|Any CPU
		{D44D8A4B-E5AF-4629-AC50-98966AB42D11}.Debug|x64.ActiveCfg = Debug|Any CPU
		{D44D8A4B-E5AF-4629-AC50-98966AB42D11}.Debug|x64.Build.0 = Debug|Any CPU
		{D44D8A4B-E5AF-4629-AC50-98966AB42D11}.Debug|x64.Deploy.0 = Debug|Any CPU
		{D44D8A4B-E5AF-4629-AC50-98966AB42D11}.Debug|x86.ActiveCfg = Debug|Any CPU
		{D44D8A4B-E5AF-4629-AC50-98966AB42D11}.Debug|x86.Build.0 = Debug|Any CPU
		{D44D8A4B-E5AF-4629-AC50-98966AB42D11}.Debug|x86.Deploy.0 = Debug|Any CPU
		{D44D8A4B-E5AF-4629-AC50-98966AB42D11}.Release|Any CPU.ActiveCfg = Release|Any CPU
		{D44D8A4B-E5AF-4629-AC50-98966AB42D11}.Release|Any CPU.Build.0 = Release|Any CPU
		{D44D8A4B-E5AF-4629-AC50-98966AB42D11}.Release|ARM.ActiveCfg = Release|Any CPU
		{D44D8A4B-E5AF-4629-AC50-98966AB42D11}.Release|ARM.Build.0 = Release|Any CPU
		{D44D8A4B-E5AF-4629-AC50-98966AB42D11}.Release|ARM.Deploy.0 = Release|Any CPU
		{D44D8A4B-E5AF-4629-AC50-98966AB42D11}.Release|iPhone.ActiveCfg = Release|Any CPU
		{D44D8A4B-E5AF-4629-AC50-98966AB42D11}.Release|iPhone.Build.0 = Release|Any CPU
		{D44D8A4B-E5AF-4629-AC50-98966AB42D11}.Release|iPhoneSimulator.ActiveCfg = Release|Any CPU
		{D44D8A4B-E5AF-4629-AC50-98966AB42D11}.Release|iPhoneSimulator.Build.0 = Release|Any CPU
		{D44D8A4B-E5AF-4629-AC50-98966AB42D11}.Release|x64.ActiveCfg = Release|Any CPU
		{D44D8A4B-E5AF-4629-AC50-98966AB42D11}.Release|x64.Build.0 = Release|Any CPU
		{D44D8A4B-E5AF-4629-AC50-98966AB42D11}.Release|x64.Deploy.0 = Release|Any CPU
		{D44D8A4B-E5AF-4629-AC50-98966AB42D11}.Release|x86.ActiveCfg = Release|Any CPU
		{D44D8A4B-E5AF-4629-AC50-98966AB42D11}.Release|x86.Build.0 = Release|Any CPU
		{D44D8A4B-E5AF-4629-AC50-98966AB42D11}.Release|x86.Deploy.0 = Release|Any CPU
		{67F9D3A8-F71E-4428-913F-C37AE82CDB24}.Debug|Any CPU.ActiveCfg = Debug|Any CPU
		{67F9D3A8-F71E-4428-913F-C37AE82CDB24}.Debug|Any CPU.Build.0 = Debug|Any CPU
		{67F9D3A8-F71E-4428-913F-C37AE82CDB24}.Debug|ARM.ActiveCfg = Debug|Any CPU
		{67F9D3A8-F71E-4428-913F-C37AE82CDB24}.Debug|ARM.Build.0 = Debug|Any CPU
		{67F9D3A8-F71E-4428-913F-C37AE82CDB24}.Debug|iPhone.ActiveCfg = Debug|Any CPU
		{67F9D3A8-F71E-4428-913F-C37AE82CDB24}.Debug|iPhone.Build.0 = Debug|Any CPU
		{67F9D3A8-F71E-4428-913F-C37AE82CDB24}.Debug|iPhoneSimulator.ActiveCfg = Debug|Any CPU
		{67F9D3A8-F71E-4428-913F-C37AE82CDB24}.Debug|iPhoneSimulator.Build.0 = Debug|Any CPU
		{67F9D3A8-F71E-4428-913F-C37AE82CDB24}.Debug|x64.ActiveCfg = Debug|Any CPU
		{67F9D3A8-F71E-4428-913F-C37AE82CDB24}.Debug|x64.Build.0 = Debug|Any CPU
		{67F9D3A8-F71E-4428-913F-C37AE82CDB24}.Debug|x86.ActiveCfg = Debug|Any CPU
		{67F9D3A8-F71E-4428-913F-C37AE82CDB24}.Debug|x86.Build.0 = Debug|Any CPU
		{67F9D3A8-F71E-4428-913F-C37AE82CDB24}.Release|Any CPU.ActiveCfg = Release|Any CPU
		{67F9D3A8-F71E-4428-913F-C37AE82CDB24}.Release|Any CPU.Build.0 = Release|Any CPU
		{67F9D3A8-F71E-4428-913F-C37AE82CDB24}.Release|ARM.ActiveCfg = Release|Any CPU
		{67F9D3A8-F71E-4428-913F-C37AE82CDB24}.Release|ARM.Build.0 = Release|Any CPU
		{67F9D3A8-F71E-4428-913F-C37AE82CDB24}.Release|iPhone.ActiveCfg = Release|Any CPU
		{67F9D3A8-F71E-4428-913F-C37AE82CDB24}.Release|iPhone.Build.0 = Release|Any CPU
		{67F9D3A8-F71E-4428-913F-C37AE82CDB24}.Release|iPhoneSimulator.ActiveCfg = Release|Any CPU
		{67F9D3A8-F71E-4428-913F-C37AE82CDB24}.Release|iPhoneSimulator.Build.0 = Release|Any CPU
		{67F9D3A8-F71E-4428-913F-C37AE82CDB24}.Release|x64.ActiveCfg = Release|Any CPU
		{67F9D3A8-F71E-4428-913F-C37AE82CDB24}.Release|x64.Build.0 = Release|Any CPU
		{67F9D3A8-F71E-4428-913F-C37AE82CDB24}.Release|x86.ActiveCfg = Release|Any CPU
		{67F9D3A8-F71E-4428-913F-C37AE82CDB24}.Release|x86.Build.0 = Release|Any CPU
		{1477793F-94BF-450F-A1F6-059B29DB18BE}.Debug|Any CPU.ActiveCfg = Debug|Any CPU
		{1477793F-94BF-450F-A1F6-059B29DB18BE}.Debug|Any CPU.Build.0 = Debug|Any CPU
		{1477793F-94BF-450F-A1F6-059B29DB18BE}.Debug|ARM.ActiveCfg = Debug|Any CPU
		{1477793F-94BF-450F-A1F6-059B29DB18BE}.Debug|ARM.Build.0 = Debug|Any CPU
		{1477793F-94BF-450F-A1F6-059B29DB18BE}.Debug|iPhone.ActiveCfg = Debug|Any CPU
		{1477793F-94BF-450F-A1F6-059B29DB18BE}.Debug|iPhone.Build.0 = Debug|Any CPU
		{1477793F-94BF-450F-A1F6-059B29DB18BE}.Debug|iPhoneSimulator.ActiveCfg = Debug|Any CPU
		{1477793F-94BF-450F-A1F6-059B29DB18BE}.Debug|iPhoneSimulator.Build.0 = Debug|Any CPU
		{1477793F-94BF-450F-A1F6-059B29DB18BE}.Debug|x64.ActiveCfg = Debug|Any CPU
		{1477793F-94BF-450F-A1F6-059B29DB18BE}.Debug|x64.Build.0 = Debug|Any CPU
		{1477793F-94BF-450F-A1F6-059B29DB18BE}.Debug|x86.ActiveCfg = Debug|Any CPU
		{1477793F-94BF-450F-A1F6-059B29DB18BE}.Debug|x86.Build.0 = Debug|Any CPU
		{1477793F-94BF-450F-A1F6-059B29DB18BE}.Release|Any CPU.ActiveCfg = Release|Any CPU
		{1477793F-94BF-450F-A1F6-059B29DB18BE}.Release|Any CPU.Build.0 = Release|Any CPU
		{1477793F-94BF-450F-A1F6-059B29DB18BE}.Release|ARM.ActiveCfg = Release|Any CPU
		{1477793F-94BF-450F-A1F6-059B29DB18BE}.Release|ARM.Build.0 = Release|Any CPU
		{1477793F-94BF-450F-A1F6-059B29DB18BE}.Release|iPhone.ActiveCfg = Release|Any CPU
		{1477793F-94BF-450F-A1F6-059B29DB18BE}.Release|iPhone.Build.0 = Release|Any CPU
		{1477793F-94BF-450F-A1F6-059B29DB18BE}.Release|iPhoneSimulator.ActiveCfg = Release|Any CPU
		{1477793F-94BF-450F-A1F6-059B29DB18BE}.Release|iPhoneSimulator.Build.0 = Release|Any CPU
		{1477793F-94BF-450F-A1F6-059B29DB18BE}.Release|x64.ActiveCfg = Release|Any CPU
		{1477793F-94BF-450F-A1F6-059B29DB18BE}.Release|x64.Build.0 = Release|Any CPU
		{1477793F-94BF-450F-A1F6-059B29DB18BE}.Release|x86.ActiveCfg = Release|Any CPU
		{1477793F-94BF-450F-A1F6-059B29DB18BE}.Release|x86.Build.0 = Release|Any CPU
		{085E453B-C898-4D35-BA27-61EF81A6BAB4}.Debug|Any CPU.ActiveCfg = Debug|Any CPU
		{085E453B-C898-4D35-BA27-61EF81A6BAB4}.Debug|Any CPU.Build.0 = Debug|Any CPU
		{085E453B-C898-4D35-BA27-61EF81A6BAB4}.Debug|ARM.ActiveCfg = Debug|Any CPU
		{085E453B-C898-4D35-BA27-61EF81A6BAB4}.Debug|ARM.Build.0 = Debug|Any CPU
		{085E453B-C898-4D35-BA27-61EF81A6BAB4}.Debug|iPhone.ActiveCfg = Debug|Any CPU
		{085E453B-C898-4D35-BA27-61EF81A6BAB4}.Debug|iPhone.Build.0 = Debug|Any CPU
		{085E453B-C898-4D35-BA27-61EF81A6BAB4}.Debug|iPhoneSimulator.ActiveCfg = Debug|Any CPU
		{085E453B-C898-4D35-BA27-61EF81A6BAB4}.Debug|iPhoneSimulator.Build.0 = Debug|Any CPU
		{085E453B-C898-4D35-BA27-61EF81A6BAB4}.Debug|x64.ActiveCfg = Debug|Any CPU
		{085E453B-C898-4D35-BA27-61EF81A6BAB4}.Debug|x64.Build.0 = Debug|Any CPU
		{085E453B-C898-4D35-BA27-61EF81A6BAB4}.Debug|x86.ActiveCfg = Debug|Any CPU
		{085E453B-C898-4D35-BA27-61EF81A6BAB4}.Debug|x86.Build.0 = Debug|Any CPU
		{085E453B-C898-4D35-BA27-61EF81A6BAB4}.Release|Any CPU.ActiveCfg = Release|Any CPU
		{085E453B-C898-4D35-BA27-61EF81A6BAB4}.Release|Any CPU.Build.0 = Release|Any CPU
		{085E453B-C898-4D35-BA27-61EF81A6BAB4}.Release|ARM.ActiveCfg = Release|Any CPU
		{085E453B-C898-4D35-BA27-61EF81A6BAB4}.Release|ARM.Build.0 = Release|Any CPU
		{085E453B-C898-4D35-BA27-61EF81A6BAB4}.Release|iPhone.ActiveCfg = Release|Any CPU
		{085E453B-C898-4D35-BA27-61EF81A6BAB4}.Release|iPhone.Build.0 = Release|Any CPU
		{085E453B-C898-4D35-BA27-61EF81A6BAB4}.Release|iPhoneSimulator.ActiveCfg = Release|Any CPU
		{085E453B-C898-4D35-BA27-61EF81A6BAB4}.Release|iPhoneSimulator.Build.0 = Release|Any CPU
		{085E453B-C898-4D35-BA27-61EF81A6BAB4}.Release|x64.ActiveCfg = Release|Any CPU
		{085E453B-C898-4D35-BA27-61EF81A6BAB4}.Release|x64.Build.0 = Release|Any CPU
		{085E453B-C898-4D35-BA27-61EF81A6BAB4}.Release|x86.ActiveCfg = Release|Any CPU
		{085E453B-C898-4D35-BA27-61EF81A6BAB4}.Release|x86.Build.0 = Release|Any CPU
		{BCE20E6A-9AF6-47EA-BDD8-F372EA19D201}.Debug|Any CPU.ActiveCfg = Debug|Any CPU
		{BCE20E6A-9AF6-47EA-BDD8-F372EA19D201}.Debug|Any CPU.Build.0 = Debug|Any CPU
		{BCE20E6A-9AF6-47EA-BDD8-F372EA19D201}.Debug|ARM.ActiveCfg = Debug|ARM
		{BCE20E6A-9AF6-47EA-BDD8-F372EA19D201}.Debug|ARM.Build.0 = Debug|ARM
		{BCE20E6A-9AF6-47EA-BDD8-F372EA19D201}.Debug|iPhone.ActiveCfg = Debug|Any CPU
		{BCE20E6A-9AF6-47EA-BDD8-F372EA19D201}.Debug|iPhone.Build.0 = Debug|Any CPU
		{BCE20E6A-9AF6-47EA-BDD8-F372EA19D201}.Debug|iPhoneSimulator.ActiveCfg = Debug|Any CPU
		{BCE20E6A-9AF6-47EA-BDD8-F372EA19D201}.Debug|iPhoneSimulator.Build.0 = Debug|Any CPU
		{BCE20E6A-9AF6-47EA-BDD8-F372EA19D201}.Debug|x64.ActiveCfg = Debug|x64
		{BCE20E6A-9AF6-47EA-BDD8-F372EA19D201}.Debug|x64.Build.0 = Debug|x64
		{BCE20E6A-9AF6-47EA-BDD8-F372EA19D201}.Debug|x86.ActiveCfg = Debug|x86
		{BCE20E6A-9AF6-47EA-BDD8-F372EA19D201}.Debug|x86.Build.0 = Debug|x86
		{BCE20E6A-9AF6-47EA-BDD8-F372EA19D201}.Release|Any CPU.ActiveCfg = Release|Any CPU
		{BCE20E6A-9AF6-47EA-BDD8-F372EA19D201}.Release|Any CPU.Build.0 = Release|Any CPU
		{BCE20E6A-9AF6-47EA-BDD8-F372EA19D201}.Release|ARM.ActiveCfg = Release|ARM
		{BCE20E6A-9AF6-47EA-BDD8-F372EA19D201}.Release|ARM.Build.0 = Release|ARM
		{BCE20E6A-9AF6-47EA-BDD8-F372EA19D201}.Release|iPhone.ActiveCfg = Release|Any CPU
		{BCE20E6A-9AF6-47EA-BDD8-F372EA19D201}.Release|iPhone.Build.0 = Release|Any CPU
		{BCE20E6A-9AF6-47EA-BDD8-F372EA19D201}.Release|iPhoneSimulator.ActiveCfg = Release|Any CPU
		{BCE20E6A-9AF6-47EA-BDD8-F372EA19D201}.Release|iPhoneSimulator.Build.0 = Release|Any CPU
		{BCE20E6A-9AF6-47EA-BDD8-F372EA19D201}.Release|x64.ActiveCfg = Release|x64
		{BCE20E6A-9AF6-47EA-BDD8-F372EA19D201}.Release|x64.Build.0 = Release|x64
		{BCE20E6A-9AF6-47EA-BDD8-F372EA19D201}.Release|x86.ActiveCfg = Release|x86
		{BCE20E6A-9AF6-47EA-BDD8-F372EA19D201}.Release|x86.Build.0 = Release|x86
		{28A950A5-2CC8-467E-9C5F-F70D4E10F8CD}.Debug|Any CPU.ActiveCfg = Debug|x86
		{28A950A5-2CC8-467E-9C5F-F70D4E10F8CD}.Debug|Any CPU.Build.0 = Debug|x86
		{28A950A5-2CC8-467E-9C5F-F70D4E10F8CD}.Debug|Any CPU.Deploy.0 = Debug|x86
		{28A950A5-2CC8-467E-9C5F-F70D4E10F8CD}.Debug|ARM.ActiveCfg = Debug|ARM
		{28A950A5-2CC8-467E-9C5F-F70D4E10F8CD}.Debug|ARM.Build.0 = Debug|ARM
		{28A950A5-2CC8-467E-9C5F-F70D4E10F8CD}.Debug|ARM.Deploy.0 = Debug|ARM
		{28A950A5-2CC8-467E-9C5F-F70D4E10F8CD}.Debug|iPhone.ActiveCfg = Debug|x86
		{28A950A5-2CC8-467E-9C5F-F70D4E10F8CD}.Debug|iPhoneSimulator.ActiveCfg = Debug|x86
		{28A950A5-2CC8-467E-9C5F-F70D4E10F8CD}.Debug|x64.ActiveCfg = Debug|x64
		{28A950A5-2CC8-467E-9C5F-F70D4E10F8CD}.Debug|x64.Build.0 = Debug|x64
		{28A950A5-2CC8-467E-9C5F-F70D4E10F8CD}.Debug|x64.Deploy.0 = Debug|x64
		{28A950A5-2CC8-467E-9C5F-F70D4E10F8CD}.Debug|x86.ActiveCfg = Debug|x86
		{28A950A5-2CC8-467E-9C5F-F70D4E10F8CD}.Debug|x86.Build.0 = Debug|x86
		{28A950A5-2CC8-467E-9C5F-F70D4E10F8CD}.Debug|x86.Deploy.0 = Debug|x86
		{28A950A5-2CC8-467E-9C5F-F70D4E10F8CD}.Release|Any CPU.ActiveCfg = Release|x86
		{28A950A5-2CC8-467E-9C5F-F70D4E10F8CD}.Release|ARM.ActiveCfg = Release|ARM
		{28A950A5-2CC8-467E-9C5F-F70D4E10F8CD}.Release|ARM.Build.0 = Release|ARM
		{28A950A5-2CC8-467E-9C5F-F70D4E10F8CD}.Release|ARM.Deploy.0 = Release|ARM
		{28A950A5-2CC8-467E-9C5F-F70D4E10F8CD}.Release|iPhone.ActiveCfg = Release|x86
		{28A950A5-2CC8-467E-9C5F-F70D4E10F8CD}.Release|iPhoneSimulator.ActiveCfg = Release|x86
		{28A950A5-2CC8-467E-9C5F-F70D4E10F8CD}.Release|x64.ActiveCfg = Release|x64
		{28A950A5-2CC8-467E-9C5F-F70D4E10F8CD}.Release|x64.Build.0 = Release|x64
		{28A950A5-2CC8-467E-9C5F-F70D4E10F8CD}.Release|x64.Deploy.0 = Release|x64
		{28A950A5-2CC8-467E-9C5F-F70D4E10F8CD}.Release|x86.ActiveCfg = Release|x86
		{28A950A5-2CC8-467E-9C5F-F70D4E10F8CD}.Release|x86.Build.0 = Release|x86
		{28A950A5-2CC8-467E-9C5F-F70D4E10F8CD}.Release|x86.Deploy.0 = Release|x86
	EndGlobalSection
	GlobalSection(SolutionProperties) = preSolution
		HideSolutionNode = FALSE
	EndGlobalSection
	GlobalSection(NestedProjects) = preSolution
		{67F9D3A8-F71E-4428-913F-C37AE82CDB24} = {C4269010-A03D-4876-AE83-0DB646EBA420}
		{1477793F-94BF-450F-A1F6-059B29DB18BE} = {C4269010-A03D-4876-AE83-0DB646EBA420}
		{085E453B-C898-4D35-BA27-61EF81A6BAB4} = {C4269010-A03D-4876-AE83-0DB646EBA420}
		{BCE20E6A-9AF6-47EA-BDD8-F372EA19D201} = {C4269010-A03D-4876-AE83-0DB646EBA420}
	EndGlobalSection
EndGlobal
