
Microsoft Visual Studio Solution File, Format Version 12.00
# Visual Studio 14
VisualStudioVersion = 14.0.25420.1
MinimumVisualStudioVersion = 10.0.40219.1
Project("{FAE04EC0-301F-11D3-BF4B-00C04F79EFBC}") = "EntryCustomReturn.Forms.Plugin.Abstractions", "EntryCustomReturn.Forms.Plugin.Abstractions\EntryCustomReturn.Forms.Plugin.Abstractions.csproj", "{67F9D3A8-F71E-4428-913F-C37AE82CDB24}"
EndProject
Project("{FAE04EC0-301F-11D3-BF4B-00C04F79EFBC}") = "EntryCustomReturn.Forms.Plugin.iOS", "EntryCustomReturn.Forms.Plugin.iOSUnified\EntryCustomReturn.Forms.Plugin.iOS.csproj", "{085E453B-C898-4D35-BA27-61EF81A6BAB4}"
EndProject
Project("{FAE04EC0-301F-11D3-BF4B-00C04F79EFBC}") = "EntryCustomReturn.Forms.Plugin.Android", "EntryCustomReturn.Forms.Plugin.Android\EntryCustomReturn.Forms.Plugin.Android.csproj", "{1477793F-94BF-450F-A1F6-059B29DB18BE}"
EndProject
Global
	GlobalSection(SolutionConfigurationPlatforms) = preSolution
		Debug|Any CPU = Debug|Any CPU
		Release|Any CPU = Release|Any CPU
	EndGlobalSection
	GlobalSection(ProjectConfigurationPlatforms) = postSolution
		{67F9D3A8-F71E-4428-913F-C37AE82CDB24}.Debug|Any CPU.ActiveCfg = Debug|Any CPU
		{67F9D3A8-F71E-4428-913F-C37AE82CDB24}.Debug|Any CPU.Build.0 = Debug|Any CPU
		{67F9D3A8-F71E-4428-913F-C37AE82CDB24}.Release|Any CPU.ActiveCfg = Release|Any CPU
		{67F9D3A8-F71E-4428-913F-C37AE82CDB24}.Release|Any CPU.Build.0 = Release|Any CPU
		{085E453B-C898-4D35-BA27-61EF81A6BAB4}.Debug|Any CPU.ActiveCfg = Debug|Any CPU
		{085E453B-C898-4D35-BA27-61EF81A6BAB4}.Debug|Any CPU.Build.0 = Debug|Any CPU
		{085E453B-C898-4D35-BA27-61EF81A6BAB4}.Release|Any CPU.ActiveCfg = Release|Any CPU
		{085E453B-C898-4D35-BA27-61EF81A6BAB4}.Release|Any CPU.Build.0 = Release|Any CPU
		{1477793F-94BF-450F-A1F6-059B29DB18BE}.Debug|Any CPU.ActiveCfg = Debug|Any CPU
		{1477793F-94BF-450F-A1F6-059B29DB18BE}.Debug|Any CPU.Build.0 = Debug|Any CPU
		{1477793F-94BF-450F-A1F6-059B29DB18BE}.Release|Any CPU.ActiveCfg = Release|Any CPU
		{1477793F-94BF-450F-A1F6-059B29DB18BE}.Release|Any CPU.Build.0 = Release|Any CPU
	EndGlobalSection
	GlobalSection(SolutionProperties) = preSolution
		HideSolutionNode = FALSE
	EndGlobalSection
EndGlobal
